// !$*UTF8*$!
{
	archiveVersion = 1;
	classes = {
	};
	objectVersion = 48;
	objects = {

/* Begin PBXBuildFile section */
		83D6B67821A5A82100F13C25 /* AppDelegate.swift in Sources */ = {isa = PBXBuildFile; fileRef = 83D6B67721A5A82100F13C25 /* AppDelegate.swift */; };
		83D6B67A21A5A82100F13C25 /* ViewController.swift in Sources */ = {isa = PBXBuildFile; fileRef = 83D6B67921A5A82100F13C25 /* ViewController.swift */; };
		83D6B67D21A5A82100F13C25 /* Main.storyboard in Resources */ = {isa = PBXBuildFile; fileRef = 83D6B67B21A5A82100F13C25 /* Main.storyboard */; };
		83D6B67F21A5A82100F13C25 /* Assets.xcassets in Resources */ = {isa = PBXBuildFile; fileRef = 83D6B67E21A5A82100F13C25 /* Assets.xcassets */; };
		83D6B68221A5A82100F13C25 /* LaunchScreen.storyboard in Resources */ = {isa = PBXBuildFile; fileRef = 83D6B68021A5A82100F13C25 /* LaunchScreen.storyboard */; };
		83D6B68D21A5A82100F13C25 /* circularTests.swift in Sources */ = {isa = PBXBuildFile; fileRef = 83D6B68C21A5A82100F13C25 /* circularTests.swift */; };
		83D6B69821A5A82100F13C25 /* circularUITests.swift in Sources */ = {isa = PBXBuildFile; fileRef = 83D6B69721A5A82100F13C25 /* circularUITests.swift */; };
		83D6B6A621A5A87100F13C25 /* circularProgressView.swift in Sources */ = {isa = PBXBuildFile; fileRef = 83D6B6A521A5A87100F13C25 /* circularProgressView.swift */; };
/* End PBXBuildFile section */

/* Begin PBXContainerItemProxy section */
		83D6B68921A5A82100F13C25 /* PBXContainerItemProxy */ = {
			isa = PBXContainerItemProxy;
			containerPortal = 83D6B66C21A5A82100F13C25 /* Project object */;
			proxyType = 1;
			remoteGlobalIDString = 83D6B67321A5A82100F13C25;
			remoteInfo = circular;
		};
		83D6B69421A5A82100F13C25 /* PBXContainerItemProxy */ = {
			isa = PBXContainerItemProxy;
			containerPortal = 83D6B66C21A5A82100F13C25 /* Project object */;
			proxyType = 1;
			remoteGlobalIDString = 83D6B67321A5A82100F13C25;
			remoteInfo = circular;
		};
/* End PBXContainerItemProxy section */

/* Begin PBXFileReference section */
		83D6B67421A5A82100F13C25 /* circular.app */ = {isa = PBXFileReference; explicitFileType = wrapper.application; includeInIndex = 0; path = circular.app; sourceTree = BUILT_PRODUCTS_DIR; };
		83D6B67721A5A82100F13C25 /* AppDelegate.swift */ = {isa = PBXFileReference; lastKnownFileType = sourcecode.swift; path = AppDelegate.swift; sourceTree = "<group>"; };
		83D6B67921A5A82100F13C25 /* ViewController.swift */ = {isa = PBXFileReference; lastKnownFileType = sourcecode.swift; path = ViewController.swift; sourceTree = "<group>"; };
		83D6B67C21A5A82100F13C25 /* Base */ = {isa = PBXFileReference; lastKnownFileType = file.storyboard; name = Base; path = Base.lproj/Main.storyboard; sourceTree = "<group>"; };
		83D6B67E21A5A82100F13C25 /* Assets.xcassets */ = {isa = PBXFileReference; lastKnownFileType = folder.assetcatalog; path = Assets.xcassets; sourceTree = "<group>"; };
		83D6B68121A5A82100F13C25 /* Base */ = {isa = PBXFileReference; lastKnownFileType = file.storyboard; name = Base; path = Base.lproj/LaunchScreen.storyboard; sourceTree = "<group>"; };
		83D6B68321A5A82100F13C25 /* Info.plist */ = {isa = PBXFileReference; lastKnownFileType = text.plist.xml; path = Info.plist; sourceTree = "<group>"; };
		83D6B68821A5A82100F13C25 /* circularTests.xctest */ = {isa = PBXFileReference; explicitFileType = wrapper.cfbundle; includeInIndex = 0; path = circularTests.xctest; sourceTree = BUILT_PRODUCTS_DIR; };
		83D6B68C21A5A82100F13C25 /* circularTests.swift */ = {isa = PBXFileReference; lastKnownFileType = sourcecode.swift; path = circularTests.swift; sourceTree = "<group>"; };
		83D6B68E21A5A82100F13C25 /* Info.plist */ = {isa = PBXFileReference; lastKnownFileType = text.plist.xml; path = Info.plist; sourceTree = "<group>"; };
		83D6B69321A5A82100F13C25 /* circularUITests.xctest */ = {isa = PBXFileReference; explicitFileType = wrapper.cfbundle; includeInIndex = 0; path = circularUITests.xctest; sourceTree = BUILT_PRODUCTS_DIR; };
		83D6B69721A5A82100F13C25 /* circularUITests.swift */ = {isa = PBXFileReference; lastKnownFileType = sourcecode.swift; path = circularUITests.swift; sourceTree = "<group>"; };
		83D6B69921A5A82100F13C25 /* Info.plist */ = {isa = PBXFileReference; lastKnownFileType = text.plist.xml; path = Info.plist; sourceTree = "<group>"; };
		83D6B6A521A5A87100F13C25 /* circularProgressView.swift */ = {isa = PBXFileReference; lastKnownFileType = sourcecode.swift; path = circularProgressView.swift; sourceTree = "<group>"; };
/* End PBXFileReference section */

/* Begin PBXFrameworksBuildPhase section */
		83D6B67121A5A82100F13C25 /* Frameworks */ = {
			isa = PBXFrameworksBuildPhase;
			buildActionMask = 2147483647;
			files = (
			);
			runOnlyForDeploymentPostprocessing = 0;
		};
		83D6B68521A5A82100F13C25 /* Frameworks */ = {
			isa = PBXFrameworksBuildPhase;
			buildActionMask = 2147483647;
			files = (
			);
			runOnlyForDeploymentPostprocessing = 0;
		};
		83D6B69021A5A82100F13C25 /* Frameworks */ = {
			isa = PBXFrameworksBuildPhase;
			buildActionMask = 2147483647;
			files = (
			);
			runOnlyForDeploymentPostprocessing = 0;
		};
/* End PBXFrameworksBuildPhase section */

/* Begin PBXGroup section */
		83D6B66B21A5A82100F13C25 = {
			isa = PBXGroup;
			children = (
				83D6B67621A5A82100F13C25 /* circular */,
				83D6B68B21A5A82100F13C25 /* circularTests */,
				83D6B69621A5A82100F13C25 /* circularUITests */,
				83D6B67521A5A82100F13C25 /* Products */,
			);
			sourceTree = "<group>";
		};
		83D6B67521A5A82100F13C25 /* Products */ = {
			isa = PBXGroup;
			children = (
				83D6B67421A5A82100F13C25 /* circular.app */,
				83D6B68821A5A82100F13C25 /* circularTests.xctest */,
				83D6B69321A5A82100F13C25 /* circularUITests.xctest */,
			);
			name = Products;
			sourceTree = "<group>";
		};
		83D6B67621A5A82100F13C25 /* circular */ = {
			isa = PBXGroup;
			children = (
				83D6B67721A5A82100F13C25 /* AppDelegate.swift */,
				83D6B67921A5A82100F13C25 /* ViewController.swift */,
				83D6B6A521A5A87100F13C25 /* circularProgressView.swift */,
				83D6B67B21A5A82100F13C25 /* Main.storyboard */,
				83D6B67E21A5A82100F13C25 /* Assets.xcassets */,
				83D6B68021A5A82100F13C25 /* LaunchScreen.storyboard */,
				83D6B68321A5A82100F13C25 /* Info.plist */,
			);
			path = circular;
			sourceTree = "<group>";
		};
		83D6B68B21A5A82100F13C25 /* circularTests */ = {
			isa = PBXGroup;
			children = (
				83D6B68C21A5A82100F13C25 /* circularTests.swift */,
				83D6B68E21A5A82100F13C25 /* Info.plist */,
			);
			path = circularTests;
			sourceTree = "<group>";
		};
		83D6B69621A5A82100F13C25 /* circularUITests */ = {
			isa = PBXGroup;
			children = (
				83D6B69721A5A82100F13C25 /* circularUITests.swift */,
				83D6B69921A5A82100F13C25 /* Info.plist */,
			);
			path = circularUITests;
			sourceTree = "<group>";
		};
/* End PBXGroup section */

/* Begin PBXNativeTarget section */
		83D6B67321A5A82100F13C25 /* circular */ = {
			isa = PBXNativeTarget;
			buildConfigurationList = 83D6B69C21A5A82100F13C25 /* Build configuration list for PBXNativeTarget "circular" */;
			buildPhases = (
				83D6B67021A5A82100F13C25 /* Sources */,
				83D6B67121A5A82100F13C25 /* Frameworks */,
				83D6B67221A5A82100F13C25 /* Resources */,
			);
			buildRules = (
			);
			dependencies = (
			);
			name = circular;
			productName = circular;
			productReference = 83D6B67421A5A82100F13C25 /* circular.app */;
			productType = "com.apple.product-type.application";
		};
		83D6B68721A5A82100F13C25 /* circularTests */ = {
			isa = PBXNativeTarget;
			buildConfigurationList = 83D6B69F21A5A82100F13C25 /* Build configuration list for PBXNativeTarget "circularTests" */;
			buildPhases = (
				83D6B68421A5A82100F13C25 /* Sources */,
				83D6B68521A5A82100F13C25 /* Frameworks */,
				83D6B68621A5A82100F13C25 /* Resources */,
			);
			buildRules = (
			);
			dependencies = (
				83D6B68A21A5A82100F13C25 /* PBXTargetDependency */,
			);
			name = circularTests;
			productName = circularTests;
			productReference = 83D6B68821A5A82100F13C25 /* circularTests.xctest */;
			productType = "com.apple.product-type.bundle.unit-test";
		};
		83D6B69221A5A82100F13C25 /* circularUITests */ = {
			isa = PBXNativeTarget;
			buildConfigurationList = 83D6B6A221A5A82100F13C25 /* Build configuration list for PBXNativeTarget "circularUITests" */;
			buildPhases = (
				83D6B68F21A5A82100F13C25 /* Sources */,
				83D6B69021A5A82100F13C25 /* Frameworks */,
				83D6B69121A5A82100F13C25 /* Resources */,
			);
			buildRules = (
			);
			dependencies = (
				83D6B69521A5A82100F13C25 /* PBXTargetDependency */,
			);
			name = circularUITests;
			productName = circularUITests;
			productReference = 83D6B69321A5A82100F13C25 /* circularUITests.xctest */;
			productType = "com.apple.product-type.bundle.ui-testing";
		};
/* End PBXNativeTarget section */

/* Begin PBXProject section */
		83D6B66C21A5A82100F13C25 /* Project object */ = {
			isa = PBXProject;
			attributes = {
				LastSwiftUpdateCheck = 0900;
				LastUpgradeCheck = 0900;
				ORGANIZATIONNAME = "Ahmed abu elregal";
				TargetAttributes = {
					83D6B67321A5A82100F13C25 = {
						CreatedOnToolsVersion = 9.0;
						ProvisioningStyle = Automatic;
					};
					83D6B68721A5A82100F13C25 = {
						CreatedOnToolsVersion = 9.0;
						ProvisioningStyle = Automatic;
						TestTargetID = 83D6B67321A5A82100F13C25;
					};
					83D6B69221A5A82100F13C25 = {
						CreatedOnToolsVersion = 9.0;
						ProvisioningStyle = Automatic;
						TestTargetID = 83D6B67321A5A82100F13C25;
					};
				};
			};
			buildConfigurationList = 83D6B66F21A5A82100F13C25 /* Build configuration list for PBXProject "circular" */;
			compatibilityVersion = "Xcode 8.0";
			developmentRegion = en;
			hasScannedForEncodings = 0;
			knownRegions = (
				en,
				Base,
			);
			mainGroup = 83D6B66B21A5A82100F13C25;
			productRefGroup = 83D6B67521A5A82100F13C25 /* Products */;
			projectDirPath = "";
			projectRoot = "";
			targets = (
				83D6B67321A5A82100F13C25 /* circular */,
				83D6B68721A5A82100F13C25 /* circularTests */,
				83D6B69221A5A82100F13C25 /* circularUITests */,
			);
		};
/* End PBXProject section */

/* Begin PBXResourcesBuildPhase section */
		83D6B67221A5A82100F13C25 /* Resources */ = {
			isa = PBXResourcesBuildPhase;
			buildActionMask = 2147483647;
			files = (
				83D6B68221A5A82100F13C25 /* LaunchScreen.storyboard in Resources */,
				83D6B67F21A5A82100F13C25 /* Assets.xcassets in Resources */,
				83D6B67D21A5A82100F13C25 /* Main.storyboard in Resources */,
			);
			runOnlyForDeploymentPostprocessing = 0;
		};
		83D6B68621A5A82100F13C25 /* Resources */ = {
			isa = PBXResourcesBuildPhase;
			buildActionMask = 2147483647;
			files = (
			);
			runOnlyForDeploymentPostprocessing = 0;
		};
		83D6B69121A5A82100F13C25 /* Resources */ = {
			isa = PBXResourcesBuildPhase;
			buildActionMask = 2147483647;
			files = (
			);
			runOnlyForDeploymentPostprocessing = 0;
		};
/* End PBXResourcesBuildPhase section */

/* Begin PBXSourcesBuildPhase section */
		83D6B67021A5A82100F13C25 /* Sources */ = {
			isa = PBXSourcesBuildPhase;
			buildActionMask = 2147483647;
			files = (
				83D6B67A21A5A82100F13C25 /* ViewController.swift in Sources */,
				83D6B67821A5A82100F13C25 /* AppDelegate.swift in Sources */,
				83D6B6A621A5A87100F13C25 /* circularProgressView.swift in Sources */,
			);
			runOnlyForDeploymentPostprocessing = 0;
		};
		83D6B68421A5A82100F13C25 /* Sources */ = {
			isa = PBXSourcesBuildPhase;
			buildActionMask = 2147483647;
			files = (
				83D6B68D21A5A82100F13C25 /* circularTests.swift in Sources */,
			);
			runOnlyForDeploymentPostprocessing = 0;
		};
		83D6B68F21A5A82100F13C25 /* Sources */ = {
			isa = PBXSourcesBuildPhase;
			buildActionMask = 2147483647;
			files = (
				83D6B69821A5A82100F13C25 /* circularUITests.swift in Sources */,
			);
			runOnlyForDeploymentPostprocessing = 0;
		};
/* End PBXSourcesBuildPhase section */

/* Begin PBXTargetDependency section */
		83D6B68A21A5A82100F13C25 /* PBXTargetDependency */ = {
			isa = PBXTargetDependency;
			target = 83D6B67321A5A82100F13C25 /* circular */;
			targetProxy = 83D6B68921A5A82100F13C25 /* PBXContainerItemProxy */;
		};
		83D6B69521A5A82100F13C25 /* PBXTargetDependency */ = {
			isa = PBXTargetDependency;
			target = 83D6B67321A5A82100F13C25 /* circular */;
			targetProxy = 83D6B69421A5A82100F13C25 /* PBXContainerItemProxy */;
		};
/* End PBXTargetDependency section */

/* Begin PBXVariantGroup section */
		83D6B67B21A5A82100F13C25 /* Main.storyboard */ = {
			isa = PBXVariantGroup;
			children = (
				83D6B67C21A5A82100F13C25 /* Base */,
			);
			name = Main.storyboard;
			sourceTree = "<group>";
		};
		83D6B68021A5A82100F13C25 /* LaunchScreen.storyboard */ = {
			isa = PBXVariantGroup;
			children = (
				83D6B68121A5A82100F13C25 /* Base */,
			);
			name = LaunchScreen.storyboard;
			sourceTree = "<group>";
		};
/* End PBXVariantGroup section */

/* Begin XCBuildConfiguration section */
		83D6B69A21A5A82100F13C25 /* Debug */ = {
			isa = XCBuildConfiguration;
			buildSettings = {
				ALWAYS_SEARCH_USER_PATHS = NO;
				CLANG_ANALYZER_NONNULL = YES;
				CLANG_ANALYZER_NUMBER_OBJECT_CONVERSION = YES_AGGRESSIVE;
				CLANG_CXX_LANGUAGE_STANDARD = "gnu++14";
				CLANG_CXX_LIBRARY = "libc++";
				CLANG_ENABLE_MODULES = YES;
				CLANG_ENABLE_OBJC_ARC = YES;
				CLANG_WARN_BLOCK_CAPTURE_AUTORELEASING = YES;
				CLANG_WARN_BOOL_CONVERSION = YES;
				CLANG_WARN_COMMA = YES;
				CLANG_WARN_CONSTANT_CONVERSION = YES;
				CLANG_WARN_DIRECT_OBJC_ISA_USAGE = YES_ERROR;
				CLANG_WARN_DOCUMENTATION_COMMENTS = YES;
				CLANG_WARN_EMPTY_BODY = YES;
				CLANG_WARN_ENUM_CONVERSION = YES;
				CLANG_WARN_INFINITE_RECURSION = YES;
				CLANG_WARN_INT_CONVERSION = YES;
				CLANG_WARN_NON_LITERAL_NULL_CONVERSION = YES;
				CLANG_WARN_OBJC_LITERAL_CONVERSION = YES;
				CLANG_WARN_OBJC_ROOT_CLASS = YES_ERROR;
				CLANG_WARN_RANGE_LOOP_ANALYSIS = YES;
				CLANG_WARN_STRICT_PROTOTYPES = YES;
				CLANG_WARN_SUSPICIOUS_MOVE = YES;
				CLANG_WARN_UNGUARDED_AVAILABILITY = YES_AGGRESSIVE;
				CLANG_WARN_UNREACHABLE_CODE = YES;
				CLANG_WARN__DUPLICATE_METHOD_MATCH = YES;
				CODE_SIGN_IDENTITY = "iPhone Developer";
				COPY_PHASE_STRIP = NO;
				DEBUG_INFORMATION_FORMAT = dwarf;
				ENABLE_STRICT_OBJC_MSGSEND = YES;
				ENABLE_TESTABILITY = YES;
				GCC_C_LANGUAGE_STANDARD = gnu11;
				GCC_DYNAMIC_NO_PIC = NO;
				GCC_NO_COMMON_BLOCKS = YES;
				GCC_OPTIMIZATION_LEVEL = 0;
				GCC_PREPROCESSOR_DEFINITIONS = (
					"DEBUG=1",
					"$(inherited)",
				);
				GCC_WARN_64_TO_32_BIT_CONVERSION = YES;
				GCC_WARN_ABOUT_RETURN_TYPE = YES_ERROR;
				GCC_WARN_UNDECLARED_SELECTOR = YES;
				GCC_WARN_UNINITIALIZED_AUTOS = YES_AGGRESSIVE;
				GCC_WARN_UNUSED_FUNCTION = YES;
				GCC_WARN_UNUSED_VARIABLE = YES;
				IPHONEOS_DEPLOYMENT_TARGET = 11.0;
				MTL_ENABLE_DEBUG_INFO = YES;
				ONLY_ACTIVE_ARCH = YES;
				SDKROOT = iphoneos;
				SWIFT_ACTIVE_COMPILATION_CONDITIONS = DEBUG;
				SWIFT_OPTIMIZATION_LEVEL = "-Onone";
			};
			name = Debug;
		};
		83D6B69B21A5A82100F13C25 /* Release */ = {
			isa = XCBuildConfiguration;
			buildSettings = {
				ALWAYS_SEARCH_USER_PATHS = NO;
				CLANG_ANALYZER_NONNULL = YES;
				CLANG_ANALYZER_NUMBER_OBJECT_CONVERSION = YES_AGGRESSIVE;
				CLANG_CXX_LANGUAGE_STANDARD = "gnu++14";
				CLANG_CXX_LIBRARY = "libc++";
				CLANG_ENABLE_MODULES = YES;
				CLANG_ENABLE_OBJC_ARC = YES;
				CLANG_WARN_BLOCK_CAPTURE_AUTORELEASING = YES;
				CLANG_WARN_BOOL_CONVERSION = YES;
				CLANG_WARN_COMMA = YES;
				CLANG_WARN_CONSTANT_CONVERSION = YES;
				CLANG_WARN_DIRECT_OBJC_ISA_USAGE = YES_ERROR;
				CLANG_WARN_DOCUMENTATION_COMMENTS = YES;
				CLANG_WARN_EMPTY_BODY = YES;
				CLANG_WARN_ENUM_CONVERSION = YES;
				CLANG_WARN_INFINITE_RECURSION = YES;
				CLANG_WARN_INT_CONVERSION = YES;
				CLANG_WARN_NON_LITERAL_NULL_CONVERSION = YES;
				CLANG_WARN_OBJC_LITERAL_CONVERSION = YES;
				CLANG_WARN_OBJC_ROOT_CLASS = YES_ERROR;
				CLANG_WARN_RANGE_LOOP_ANALYSIS = YES;
				CLANG_WARN_STRICT_PROTOTYPES = YES;
				CLANG_WARN_SUSPICIOUS_MOVE = YES;
				CLANG_WARN_UNGUARDED_AVAILABILITY = YES_AGGRESSIVE;
				CLANG_WARN_UNREACHABLE_CODE = YES;
				CLANG_WARN__DUPLICATE_METHOD_MATCH = YES;
				CODE_SIGN_IDENTITY = "iPhone Developer";
				COPY_PHASE_STRIP = NO;
				DEBUG_INFORMATION_FORMAT = "dwarf-with-dsym";
				ENABLE_NS_ASSERTIONS = NO;
				ENABLE_STRICT_OBJC_MSGSEND = YES;
				GCC_C_LANGUAGE_STANDARD = gnu11;
				GCC_NO_COMMON_BLOCKS = YES;
				GCC_WARN_64_TO_32_BIT_CONVERSION = YES;
				GCC_WARN_ABOUT_RETURN_TYPE = YES_ERROR;
				GCC_WARN_UNDECLARED_SELECTOR = YES;
				GCC_WARN_UNINITIALIZED_AUTOS = YES_AGGRESSIVE;
				GCC_WARN_UNUSED_FUNCTION = YES;
				GCC_WARN_UNUSED_VARIABLE = YES;
				IPHONEOS_DEPLOYMENT_TARGET = 11.0;
				MTL_ENABLE_DEBUG_INFO = NO;
				SDKROOT = iphoneos;
				SWIFT_OPTIMIZATION_LEVEL = "-Owholemodule";
				VALIDATE_PRODUCT = YES;
			};
			name = Release;
		};
		83D6B69D21A5A82100F13C25 /* Debug */ = {
			isa = XCBuildConfiguration;
			buildSettings = {
				ASSETCATALOG_COMPILER_APPICON_NAME = AppIcon;
				CODE_SIGN_STYLE = Automatic;
				INFOPLIST_FILE = circular/Info.plist;
				LD_RUNPATH_SEARCH_PATHS = "$(inherited) @executable_path/Frameworks";
				PRODUCT_BUNDLE_IDENTIFIER = circular.circular;
				PRODUCT_NAME = "$(TARGET_NAME)";
				SWIFT_VERSION = 4.0;
				TARGETED_DEVICE_FAMILY = "1,2";
			};
			name = Debug;
		};
		83D6B69E21A5A82100F13C25 /* Release */ = {
			isa = XCBuildConfiguration;
			buildSettings = {
				ASSETCATALOG_COMPILER_APPICON_NAME = AppIcon;
				CODE_SIGN_STYLE = Automatic;
				INFOPLIST_FILE = circular/Info.plist;
				LD_RUNPATH_SEARCH_PATHS = "$(inherited) @executable_path/Frameworks";
				PRODUCT_BUNDLE_IDENTIFIER = circular.circular;
				PRODUCT_NAME = "$(TARGET_NAME)";
				SWIFT_VERSION = 4.0;
				TARGETED_DEVICE_FAMILY = "1,2";
			};
			name = Release;
		};
		83D6B6A021A5A82100F13C25 /* Debug */ = {
			isa = XCBuildConfiguration;
			buildSettings = {
				ALWAYS_EMBED_SWIFT_STANDARD_LIBRARIES = YES;
				BUNDLE_LOADER = "$(TEST_HOST)";
				CODE_SIGN_STYLE = Automatic;
				INFOPLIST_FILE = circularTests/Info.plist;
				LD_RUNPATH_SEARCH_PATHS = "$(inherited) @executable_path/Frameworks @loader_path/Frameworks";
				PRODUCT_BUNDLE_IDENTIFIER = circular.circularTests;
				PRODUCT_NAME = "$(TARGET_NAME)";
				SWIFT_VERSION = 4.0;
				TARGETED_DEVICE_FAMILY = "1,2";
				TEST_HOST = "$(BUILT_PRODUCTS_DIR)/circular.app/circular";
			};
			name = Debug;
		};
		83D6B6A121A5A82100F13C25 /* Release */ = {
			isa = XCBuildConfiguration;
			buildSettings = {
				ALWAYS_EMBED_SWIFT_STANDARD_LIBRARIES = YES;
				BUNDLE_LOADER = "$(TEST_HOST)";
				CODE_SIGN_STYLE = Automatic;
				INFOPLIST_FILE = circularTests/Info.plist;
				LD_RUNPATH_SEARCH_PATHS = "$(inherited) @executable_path/Frameworks @loader_path/Frameworks";
				PRODUCT_BUNDLE_IDENTIFIER = circular.circularTests;
				PRODUCT_NAME = "$(TARGET_NAME)";
				SWIFT_VERSION = 4.0;
				TARGETED_DEVICE_FAMILY = "1,2";
				TEST_HOST = "$(BUILT_PRODUCTS_DIR)/circular.app/circular";
			};
			name = Release;
		};
		83D6B6A321A5A82100F13C25 /* Debug */ = {
			isa = XCBuildConfiguration;
			buildSettings = {
				ALWAYS_EMBED_SWIFT_STANDARD_LIBRARIES = YES;
				CODE_SIGN_STYLE = Automatic;
				INFOPLIST_FILE = circularUITests/Info.plist;
				LD_RUNPATH_SEARCH_PATHS = "$(inherited) @executable_path/Frameworks @loader_path/Frameworks";
				PRODUCT_BUNDLE_IDENTIFIER = circular.circularUITests;
				PRODUCT_NAME = "$(TARGET_NAME)";
				SWIFT_VERSION = 4.0;
				TARGETED_DEVICE_FAMILY = "1,2";
				TEST_TARGET_NAME = circular;
			};
			name = Debug;
		};
		83D6B6A421A5A82100F13C25 /* Release */ = {
			isa = XCBuildConfiguration;
			buildSettings = {
				ALWAYS_EMBED_SWIFT_STANDARD_LIBRARIES = YES;
				CODE_SIGN_STYLE = Automatic;
				INFOPLIST_FILE = circularUITests/Info.plist;
				LD_RUNPATH_SEARCH_PATHS = "$(inherited) @executable_path/Frameworks @loader_path/Frameworks";
				PRODUCT_BUNDLE_IDENTIFIER = circular.circularUITests;
				PRODUCT_NAME = "$(TARGET_NAME)";
				SWIFT_VERSION = 4.0;
				TARGETED_DEVICE_FAMILY = "1,2";
				TEST_TARGET_NAME = circular;
			};
			name = Release;
		};
/* End XCBuildConfiguration section */

/* Begin XCConfigurationList section */
		83D6B66F21A5A82100F13C25 /* Build configuration list for PBXProject "circular" */ = {
			isa = XCConfigurationList;
			buildConfigurations = (
				83D6B69A21A5A82100F13C25 /* Debug */,
				83D6B69B21A5A82100F13C25 /* Release */,
			);
			defaultConfigurationIsVisible = 0;
			defaultConfigurationName = Release;
		};
		83D6B69C21A5A82100F13C25 /* Build configuration list for PBXNativeTarget "circular" */ = {
			isa = XCConfigurationList;
			buildConfigurations = (
				83D6B69D21A5A82100F13C25 /* Debug */,
				83D6B69E21A5A82100F13C25 /* Release */,
			);
			defaultConfigurationIsVisible = 0;
			defaultConfigurationName = Release;
		};
		83D6B69F21A5A82100F13C25 /* Build configuration list for PBXNativeTarget "circularTests" */ = {
			isa = XCConfigurationList;
			buildConfigurations = (
				83D6B6A021A5A82100F13C25 /* Debug */,
				83D6B6A121A5A82100F13C25 /* Release */,
			);
			defaultConfigurationIsVisible = 0;
			defaultConfigurationName = Release;
		};
		83D6B6A221A5A82100F13C25 /* Build configuration list for PBXNativeTarget "circularUITests" */ = {
			isa = XCConfigurationList;
			buildConfigurations = (
				83D6B6A321A5A82100F13C25 /* Debug */,
				83D6B6A421A5A82100F13C25 /* Release */,
			);
			defaultConfigurationIsVisible = 0;
			defaultConfigurationName = Release;
		};
/* End XCConfigurationList section */
	};
	rootObject = 83D6B66C21A5A82100F13C25 /* Project object */;
}
